# Tested on Python 3.12, macOS arm64; runtime plus test/build dependencies.
# Re-resolve and revalidate deliberately for another platform.
setuptools==80.9.0
attrs==26.1.0
iniconfig==2.3.0
jsonschema==4.25.1
jsonschema-specifications==2025.9.1
packaging==26.3
pluggy==1.6.0
Pygments==2.21.0
pytest==8.4.2
referencing==0.37.0
rpds-py==2026.6.3
typing_extensions==4.16.0
usd-core==25.11
